
Microsoft Visual Studio Solution File, Format Version 12.00
# Visual Studio Version 17
VisualStudioVersion = 17.5.33530.505
MinimumVisualStudioVersion = 10.0.40219.1
Project("{FAE04EC0-301F-11D3-BF4B-00C04F79EFBC}") = "ProyectoBiblioteca", "ProyectoBiblioteca\ProyectoBiblioteca.csproj", "{06E1B554-EC04-4A77-8B1F-BA800347717B}"
EndProject
Project("{FAE04EC0-301F-11D3-BF4B-00C04F79EFBC}") = "Utilidad", "Utilidad\Utilidad.csproj", "{FC9D204F-34C8-4468-A436-326672C8C236}"
EndProject
Global
	GlobalSection(SolutionConfigurationPlatforms) = preSolution
		Debug|Any CPU = Debug|Any CPU
		Release|Any CPU = Release|Any CPU
	EndGlobalSection
	GlobalSection(ProjectConfigurationPlatforms) = postSolution
		{06E1B554-EC04-4A77-8B1F-BA800347717B}.Debug|Any CPU.ActiveCfg = Debug|Any CPU
		{06E1B554-EC04-4A77-8B1F-BA800347717B}.Debug|Any CPU.Build.0 = Debug|Any CPU
		{06E1B554-EC04-4A77-8B1F-BA800347717B}.Release|Any CPU.ActiveCfg = Release|Any CPU
		{06E1B554-EC04-4A77-8B1F-BA800347717B}.Release|Any CPU.Build.0 = Release|Any CPU
		{FC9D204F-34C8-4468-A436-326672C8C236}.Debug|Any CPU.ActiveCfg = Debug|Any CPU
		{FC9D204F-34C8-4468-A436-326672C8C236}.Debug|Any CPU.Build.0 = Debug|Any CPU
		{FC9D204F-34C8-4468-A436-326672C8C236}.Release|Any CPU.ActiveCfg = Release|Any CPU
		{FC9D204F-34C8-4468-A436-326672C8C236}.Release|Any CPU.Build.0 = Release|Any CPU
	EndGlobalSection
	GlobalSection(SolutionProperties) = preSolution
		HideSolutionNode = FALSE
	EndGlobalSection
	GlobalSection(ExtensibilityGlobals) = postSolution
		SolutionGuid = {73AEC848-0334-4ACA-B8DF-0E104CD4EF49}
	EndGlobalSection
EndGlobal
